{
  "name": "qc2c",
  "version": "1.0.0",
  "lockfileVersion": 3,
  "requires": true,
  "packages": {
    "": {
      "name": "qc2c",
      "version": "1.0.0",
      "license": "MIT",
      "dependencies": {
        "leaflet": "^1.9.4",
        "point-in-polygon": "^1.0.1"
      },
      "devDependencies": {
        "@types/leaflet": "^1.9.19",
        "@types/point-in-polygon": "^1.1.5",
        "typescript": "^5.4.0"
      }
    },
    "node_modules/@types/geojson": {
      "version": "7946.0.16",
      "resolved": "https://registry.npmjs.org/@types/geojson/-/geojson-7946.0.16.tgz",
      "integrity": "sha512-6C8nqWur3j98U6+lXDfTUWIfgvZU+EumvpHKcYjujKH7woYyLj2sUmff0tRhrqM7BohUw7Pz3ZB1jj2gW9Fvmg==",
      "dev": true,
      "license": "MIT"
    },
    "node_modules/@types/leaflet": {
      "version": "1.9.19",
      "resolved": "https://registry.npmjs.org/@types/leaflet/-/leaflet-1.9.19.tgz",
      "integrity": "sha512-pB+n2daHcZPF2FDaWa+6B0a0mSDf4dPU35y5iTXsx7x/PzzshiX5atYiS1jlBn43X7XvM8AP+AB26lnSk0J4GA==",
      "dev": true,
      "license": "MIT",
      "dependencies": {
        "@types/geojson": "*"
      }
    },
    "node_modules/@types/point-in-polygon": {
      "version": "1.1.5",
      "resolved": "https://registry.npmjs.org/@types/point-in-polygon/-/point-in-polygon-1.1.5.tgz",
      "integrity": "sha512-VYZQKsxOQCzemTWCvsdXbu6T+zbYHY5d/B34FFfcgGC3O8zDeTUcrhZOiW3+RIFVayUdewcSKF3trbvNCs3w0w==",
      "dev": true,
      "license": "MIT"
    },
    "node_modules/leaflet": {
      "version": "1.9.4",
      "resolved": "https://registry.npmjs.org/leaflet/-/leaflet-1.9.4.tgz",
      "integrity": "sha512-nxS1ynzJOmOlHp+iL3FyWqK89GtNL8U8rvlMOsQdTTssxZwCXh8N2NB3GDQOL+YR3XnWyZAxwQixURb+FA74PA==",
      "license": "BSD-2-Clause"
    },
    "node_modules/point-in-polygon": {
      "version": "1.1.0",
      "resolved": "https://registry.npmjs.org/point-in-polygon/-/point-in-polygon-1.1.0.tgz",
      "integrity": "sha512-3ojrFwjnnw8Q9242TzgXuTD+eKiutbzyslcq1ydfu82Db2y+Ogbmyrkpv0Hgj31qwT3lbS9+QAAO/pIQM35XRw==",
      "license": "MIT"
    },
    "node_modules/typescript": {
      "version": "5.8.3",
      "resolved": "https://registry.npmjs.org/typescript/-/typescript-5.8.3.tgz",
      "integrity": "sha512-p1diW6TqL9L07nNxvRMM7hMMw4c5XOo/1ibL4aAIGmSAt9slTE1Xgw5KWuof2uTOvCg9BY7ZRi+GaF+7sfgPeQ==",
      "dev": true,
      "license": "Apache-2.0",
      "bin": {
        "tsc": "bin/tsc",
        "tsserver": "bin/tsserver"
      },
      "engines": {
        "node": ">=14.17"
      }
    }
  }
}
